
Microsoft Visual Studio Solution File, Format Version 12.00
# Visual Studio Version 17
VisualStudioVersion = 17.3.32811.315
MinimumVisualStudioVersion = 10.0.40219.1
Project("{FAE04EC0-301F-11D3-BF4B-00C04F79EFBC}") = "bytebank_ADM", "bytebank_ADM\bytebank_ADM.csproj", "{D20217F3-90E4-49C6-ABEA-2FB3892F5385}"
EndProject
Global
	GlobalSection(SolutionConfigurationPlatforms) = preSolution
		Debug|Any CPU = Debug|Any CPU
		Release|Any CPU = Release|Any CPU
	EndGlobalSection
	GlobalSection(ProjectConfigurationPlatforms) = postSolution
		{D20217F3-90E4-49C6-ABEA-2FB3892F5385}.Debug|Any CPU.ActiveCfg = Debug|Any CPU
		{D20217F3-90E4-49C6-ABEA-2FB3892F5385}.Debug|Any CPU.Build.0 = Debug|Any CPU
		{D20217F3-90E4-49C6-ABEA-2FB3892F5385}.Release|Any CPU.ActiveCfg = Release|Any CPU
		{D20217F3-90E4-49C6-ABEA-2FB3892F5385}.Release|Any CPU.Build.0 = Release|Any CPU
	EndGlobalSection
	GlobalSection(SolutionProperties) = preSolution
		HideSolutionNode = FALSE
	EndGlobalSection
	GlobalSection(ExtensibilityGlobals) = postSolution
		SolutionGuid = {5B30F249-6D14-4FF2-AC20-3969B431E209}
	EndGlobalSection
EndGlobal
